// !$*UTF8*$!
{
	archiveVersion = 1;
	classes = {
	};
	objectVersion = 56;
	objects = {

/* Begin PBXBuildFile section */
		6C18AE202BF3668900D7863F /* iKnowYouApp.swift in Sources */ = {isa = PBXBuildFile; fileRef = 6C18AE1F2BF3668900D7863F /* iKnowYouApp.swift */; };
		6C18AE222BF3668900D7863F /* ContentView.swift in Sources */ = {isa = PBXBuildFile; fileRef = 6C18AE212BF3668900D7863F /* ContentView.swift */; };
		6C18AE242BF3668B00D7863F /* Assets.xcassets in Resources */ = {isa = PBXBuildFile; fileRef = 6C18AE232BF3668B00D7863F /* Assets.xcassets */; };
		6C18AE282BF3668B00D7863F /* Preview Assets.xcassets in Resources */ = {isa = PBXBuildFile; fileRef = 6C18AE272BF3668B00D7863F /* Preview Assets.xcassets */; };
		6C18AE2F2BF6049200D7863F /* AddNewPhotoView.swift in Sources */ = {isa = PBXBuildFile; fileRef = 6C18AE2E2BF6049200D7863F /* AddNewPhotoView.swift */; };
		6C18AE312BF870CC00D7863F /* PhotoCard.swift in Sources */ = {isa = PBXBuildFile; fileRef = 6C18AE302BF870CC00D7863F /* PhotoCard.swift */; };
		6C18AE332BFCAF1C00D7863F /* ImageLoader.swift in Sources */ = {isa = PBXBuildFile; fileRef = 6C18AE322BFCAF1C00D7863F /* ImageLoader.swift */; };
		6C18AE352BFDE76600D7863F /* LocationFetcher.swift in Sources */ = {isa = PBXBuildFile; fileRef = 6C18AE342BFDE76600D7863F /* LocationFetcher.swift */; };
		6C18AE372BFFD97300D7863F /* Friend.swift in Sources */ = {isa = PBXBuildFile; fileRef = 6C18AE362BFFD97300D7863F /* Friend.swift */; };
		6C18AE392BFFDE6400D7863F /* Location.swift in Sources */ = {isa = PBXBuildFile; fileRef = 6C18AE382BFFDE6400D7863F /* Location.swift */; };
/* End PBXBuildFile section */

/* Begin PBXFileReference section */
		6C18AE1C2BF3668900D7863F /* iKnowYou.app */ = {isa = PBXFileReference; explicitFileType = wrapper.application; includeInIndex = 0; path = iKnowYou.app; sourceTree = BUILT_PRODUCTS_DIR; };
		6C18AE1F2BF3668900D7863F /* iKnowYouApp.swift */ = {isa = PBXFileReference; lastKnownFileType = sourcecode.swift; path = iKnowYouApp.swift; sourceTree = "<group>"; };
		6C18AE212BF3668900D7863F /* ContentView.swift */ = {isa = PBXFileReference; lastKnownFileType = sourcecode.swift; path = ContentView.swift; sourceTree = "<group>"; };
		6C18AE232BF3668B00D7863F /* Assets.xcassets */ = {isa = PBXFileReference; lastKnownFileType = folder.assetcatalog; path = Assets.xcassets; sourceTree = "<group>"; };
		6C18AE252BF3668B00D7863F /* iKnowYou.entitlements */ = {isa = PBXFileReference; lastKnownFileType = text.plist.entitlements; path = iKnowYou.entitlements; sourceTree = "<group>"; };
		6C18AE272BF3668B00D7863F /* Preview Assets.xcassets */ = {isa = PBXFileReference; lastKnownFileType = folder.assetcatalog; path = "Preview Assets.xcassets"; sourceTree = "<group>"; };
		6C18AE2E2BF6049200D7863F /* AddNewPhotoView.swift */ = {isa = PBXFileReference; lastKnownFileType = sourcecode.swift; path = AddNewPhotoView.swift; sourceTree = "<group>"; };
		6C18AE302BF870CC00D7863F /* PhotoCard.swift */ = {isa = PBXFileReference; lastKnownFileType = sourcecode.swift; path = PhotoCard.swift; sourceTree = "<group>"; };
		6C18AE322BFCAF1C00D7863F /* ImageLoader.swift */ = {isa = PBXFileReference; lastKnownFileType = sourcecode.swift; path = ImageLoader.swift; sourceTree = "<group>"; };
		6C18AE342BFDE76600D7863F /* LocationFetcher.swift */ = {isa = PBXFileReference; lastKnownFileType = sourcecode.swift; path = LocationFetcher.swift; sourceTree = "<group>"; };
		6C18AE362BFFD97300D7863F /* Friend.swift */ = {isa = PBXFileReference; lastKnownFileType = sourcecode.swift; path = Friend.swift; sourceTree = "<group>"; };
		6C18AE382BFFDE6400D7863F /* Location.swift */ = {isa = PBXFileReference; lastKnownFileType = sourcecode.swift; path = Location.swift; sourceTree = "<group>"; };
/* End PBXFileReference section */

/* Begin PBXFrameworksBuildPhase section */
		6C18AE192BF3668900D7863F /* Frameworks */ = {
			isa = PBXFrameworksBuildPhase;
			buildActionMask = 2147483647;
			files = (
			);
			runOnlyForDeploymentPostprocessing = 0;
		};
/* End PBXFrameworksBuildPhase section */

/* Begin PBXGroup section */
		6C18AE132BF3668900D7863F = {
			isa = PBXGroup;
			children = (
				6C18AE1E2BF3668900D7863F /* iKnowYou */,
				6C18AE1D2BF3668900D7863F /* Products */,
			);
			sourceTree = "<group>";
		};
		6C18AE1D2BF3668900D7863F /* Products */ = {
			isa = PBXGroup;
			children = (
				6C18AE1C2BF3668900D7863F /* iKnowYou.app */,
			);
			name = Products;
			sourceTree = "<group>";
		};
		6C18AE1E2BF3668900D7863F /* iKnowYou */ = {
			isa = PBXGroup;
			children = (
				6C18AE1F2BF3668900D7863F /* iKnowYouApp.swift */,
				6C18AE212BF3668900D7863F /* ContentView.swift */,
				6C18AE362BFFD97300D7863F /* Friend.swift */,
				6C18AE342BFDE76600D7863F /* LocationFetcher.swift */,
				6C18AE322BFCAF1C00D7863F /* ImageLoader.swift */,
				6C18AE302BF870CC00D7863F /* PhotoCard.swift */,
				6C18AE2E2BF6049200D7863F /* AddNewPhotoView.swift */,
				6C18AE382BFFDE6400D7863F /* Location.swift */,
				6C18AE232BF3668B00D7863F /* Assets.xcassets */,
				6C18AE252BF3668B00D7863F /* iKnowYou.entitlements */,
				6C18AE262BF3668B00D7863F /* Preview Content */,
			);
			path = iKnowYou;
			sourceTree = "<group>";
		};
		6C18AE262BF3668B00D7863F /* Preview Content */ = {
			isa = PBXGroup;
			children = (
				6C18AE272BF3668B00D7863F /* Preview Assets.xcassets */,
			);
			path = "Preview Content";
			sourceTree = "<group>";
		};
/* End PBXGroup section */

/* Begin PBXNativeTarget section */
		6C18AE1B2BF3668900D7863F /* iKnowYou */ = {
			isa = PBXNativeTarget;
			buildConfigurationList = 6C18AE2B2BF3668B00D7863F /* Build configuration list for PBXNativeTarget "iKnowYou" */;
			buildPhases = (
				6C18AE182BF3668900D7863F /* Sources */,
				6C18AE192BF3668900D7863F /* Frameworks */,
				6C18AE1A2BF3668900D7863F /* Resources */,
			);
			buildRules = (
			);
			dependencies = (
			);
			name = iKnowYou;
			productName = iKnowYou;
			productReference = 6C18AE1C2BF3668900D7863F /* iKnowYou.app */;
			productType = "com.apple.product-type.application";
		};
/* End PBXNativeTarget section */

/* Begin PBXProject section */
		6C18AE142BF3668900D7863F /* Project object */ = {
			isa = PBXProject;
			attributes = {
				BuildIndependentTargetsInParallel = 1;
				LastSwiftUpdateCheck = 1530;
				LastUpgradeCheck = 1530;
				TargetAttributes = {
					6C18AE1B2BF3668900D7863F = {
						CreatedOnToolsVersion = 15.3;
					};
				};
			};
			buildConfigurationList = 6C18AE172BF3668900D7863F /* Build configuration list for PBXProject "iKnowYou" */;
			compatibilityVersion = "Xcode 14.0";
			developmentRegion = en;
			hasScannedForEncodings = 0;
			knownRegions = (
				en,
				Base,
			);
			mainGroup = 6C18AE132BF3668900D7863F;
			productRefGroup = 6C18AE1D2BF3668900D7863F /* Products */;
			projectDirPath = "";
			projectRoot = "";
			targets = (
				6C18AE1B2BF3668900D7863F /* iKnowYou */,
			);
		};
/* End PBXProject section */

/* Begin PBXResourcesBuildPhase section */
		6C18AE1A2BF3668900D7863F /* Resources */ = {
			isa = PBXResourcesBuildPhase;
			buildActionMask = 2147483647;
			files = (
				6C18AE282BF3668B00D7863F /* Preview Assets.xcassets in Resources */,
				6C18AE242BF3668B00D7863F /* Assets.xcassets in Resources */,
			);
			runOnlyForDeploymentPostprocessing = 0;
		};
/* End PBXResourcesBuildPhase section */

/* Begin PBXSourcesBuildPhase section */
		6C18AE182BF3668900D7863F /* Sources */ = {
			isa = PBXSourcesBuildPhase;
			buildActionMask = 2147483647;
			files = (
				6C18AE222BF3668900D7863F /* ContentView.swift in Sources */,
				6C18AE372BFFD97300D7863F /* Friend.swift in Sources */,
				6C18AE392BFFDE6400D7863F /* Location.swift in Sources */,
				6C18AE202BF3668900D7863F /* iKnowYouApp.swift in Sources */,
				6C18AE352BFDE76600D7863F /* LocationFetcher.swift in Sources */,
				6C18AE332BFCAF1C00D7863F /* ImageLoader.swift in Sources */,
				6C18AE312BF870CC00D7863F /* PhotoCard.swift in Sources */,
				6C18AE2F2BF6049200D7863F /* AddNewPhotoView.swift in Sources */,
			);
			runOnlyForDeploymentPostprocessing = 0;
		};
/* End PBXSourcesBuildPhase section */

/* Begin XCBuildConfiguration section */
		6C18AE292BF3668B00D7863F /* Debug */ = {
			isa = XCBuildConfiguration;
			buildSettings = {
				ALWAYS_SEARCH_USER_PATHS = NO;
				ASSETCATALOG_COMPILER_GENERATE_SWIFT_ASSET_SYMBOL_EXTENSIONS = YES;
				CLANG_ANALYZER_NONNULL = YES;
				CLANG_ANALYZER_NUMBER_OBJECT_CONVERSION = YES_AGGRESSIVE;
				CLANG_CXX_LANGUAGE_STANDARD = "gnu++20";
				CLANG_ENABLE_MODULES = YES;
				CLANG_ENABLE_OBJC_ARC = YES;
				CLANG_ENABLE_OBJC_WEAK = YES;
				CLANG_WARN_BLOCK_CAPTURE_AUTORELEASING = YES;
				CLANG_WARN_BOOL_CONVERSION = YES;
				CLANG_WARN_COMMA = YES;
				CLANG_WARN_CONSTANT_CONVERSION = YES;
				CLANG_WARN_DEPRECATED_OBJC_IMPLEMENTATIONS = YES;
				CLANG_WARN_DIRECT_OBJC_ISA_USAGE = YES_ERROR;
				CLANG_WARN_DOCUMENTATION_COMMENTS = YES;
				CLANG_WARN_EMPTY_BODY = YES;
				CLANG_WARN_ENUM_CONVERSION = YES;
				CLANG_WARN_INFINITE_RECURSION = YES;
				CLANG_WARN_INT_CONVERSION = YES;
				CLANG_WARN_NON_LITERAL_NULL_CONVERSION = YES;
				CLANG_WARN_OBJC_IMPLICIT_RETAIN_SELF = YES;
				CLANG_WARN_OBJC_LITERAL_CONVERSION = YES;
				CLANG_WARN_OBJC_ROOT_CLASS = YES_ERROR;
				CLANG_WARN_QUOTED_INCLUDE_IN_FRAMEWORK_HEADER = YES;
				CLANG_WARN_RANGE_LOOP_ANALYSIS = YES;
				CLANG_WARN_STRICT_PROTOTYPES = YES;
				CLANG_WARN_SUSPICIOUS_MOVE = YES;
				CLANG_WARN_UNGUARDED_AVAILABILITY = YES_AGGRESSIVE;
				CLANG_WARN_UNREACHABLE_CODE = YES;
				CLANG_WARN__DUPLICATE_METHOD_MATCH = YES;
				COPY_PHASE_STRIP = NO;
				DEBUG_INFORMATION_FORMAT = dwarf;
				ENABLE_STRICT_OBJC_MSGSEND = YES;
				ENABLE_TESTABILITY = YES;
				ENABLE_USER_SCRIPT_SANDBOXING = YES;
				GCC_C_LANGUAGE_STANDARD = gnu17;
				GCC_DYNAMIC_NO_PIC = NO;
				GCC_NO_COMMON_BLOCKS = YES;
				GCC_OPTIMIZATION_LEVEL = 0;
				GCC_PREPROCESSOR_DEFINITIONS = (
					"DEBUG=1",
					"$(inherited)",
				);
				GCC_WARN_64_TO_32_BIT_CONVERSION = YES;
				GCC_WARN_ABOUT_RETURN_TYPE = YES_ERROR;
				GCC_WARN_UNDECLARED_SELECTOR = YES;
				GCC_WARN_UNINITIALIZED_AUTOS = YES_AGGRESSIVE;
				GCC_WARN_UNUSED_FUNCTION = YES;
				GCC_WARN_UNUSED_VARIABLE = YES;
				LOCALIZATION_PREFERS_STRING_CATALOGS = YES;
				MTL_ENABLE_DEBUG_INFO = INCLUDE_SOURCE;
				MTL_FAST_MATH = YES;
				ONLY_ACTIVE_ARCH = YES;
				SWIFT_ACTIVE_COMPILATION_CONDITIONS = "DEBUG $(inherited)";
				SWIFT_OPTIMIZATION_LEVEL = "-Onone";
			};
			name = Debug;
		};
		6C18AE2A2BF3668B00D7863F /* Release */ = {
			isa = XCBuildConfiguration;
			buildSettings = {
				ALWAYS_SEARCH_USER_PATHS = NO;
				ASSETCATALOG_COMPILER_GENERATE_SWIFT_ASSET_SYMBOL_EXTENSIONS = YES;
				CLANG_ANALYZER_NONNULL = YES;
				CLANG_ANALYZER_NUMBER_OBJECT_CONVERSION = YES_AGGRESSIVE;
				CLANG_CXX_LANGUAGE_STANDARD = "gnu++20";
				CLANG_ENABLE_MODULES = YES;
				CLANG_ENABLE_OBJC_ARC = YES;
				CLANG_ENABLE_OBJC_WEAK = YES;
				CLANG_WARN_BLOCK_CAPTURE_AUTORELEASING = YES;
				CLANG_WARN_BOOL_CONVERSION = YES;
				CLANG_WARN_COMMA = YES;
				CLANG_WARN_CONSTANT_CONVERSION = YES;
				CLANG_WARN_DEPRECATED_OBJC_IMPLEMENTATIONS = YES;
				CLANG_WARN_DIRECT_OBJC_ISA_USAGE = YES_ERROR;
				CLANG_WARN_DOCUMENTATION_COMMENTS = YES;
				CLANG_WARN_EMPTY_BODY = YES;
				CLANG_WARN_ENUM_CONVERSION = YES;
				CLANG_WARN_INFINITE_RECURSION = YES;
				CLANG_WARN_INT_CONVERSION = YES;
				CLANG_WARN_NON_LITERAL_NULL_CONVERSION = YES;
				CLANG_WARN_OBJC_IMPLICIT_RETAIN_SELF = YES;
				CLANG_WARN_OBJC_LITERAL_CONVERSION = YES;
				CLANG_WARN_OBJC_ROOT_CLASS = YES_ERROR;
				CLANG_WARN_QUOTED_INCLUDE_IN_FRAMEWORK_HEADER = YES;
				CLANG_WARN_RANGE_LOOP_ANALYSIS = YES;
				CLANG_WARN_STRICT_PROTOTYPES = YES;
				CLANG_WARN_SUSPICIOUS_MOVE = YES;
				CLANG_WARN_UNGUARDED_AVAILABILITY = YES_AGGRESSIVE;
				CLANG_WARN_UNREACHABLE_CODE = YES;
				CLANG_WARN__DUPLICATE_METHOD_MATCH = YES;
				COPY_PHASE_STRIP = NO;
				DEBUG_INFORMATION_FORMAT = "dwarf-with-dsym";
				ENABLE_NS_ASSERTIONS = NO;
				ENABLE_STRICT_OBJC_MSGSEND = YES;
				ENABLE_USER_SCRIPT_SANDBOXING = YES;
				GCC_C_LANGUAGE_STANDARD = gnu17;
				GCC_NO_COMMON_BLOCKS = YES;
				GCC_WARN_64_TO_32_BIT_CONVERSION = YES;
				GCC_WARN_ABOUT_RETURN_TYPE = YES_ERROR;
				GCC_WARN_UNDECLARED_SELECTOR = YES;
				GCC_WARN_UNINITIALIZED_AUTOS = YES_AGGRESSIVE;
				GCC_WARN_UNUSED_FUNCTION = YES;
				GCC_WARN_UNUSED_VARIABLE = YES;
				LOCALIZATION_PREFERS_STRING_CATALOGS = YES;
				MTL_ENABLE_DEBUG_INFO = NO;
				MTL_FAST_MATH = YES;
				SWIFT_COMPILATION_MODE = wholemodule;
			};
			name = Release;
		};
		6C18AE2C2BF3668B00D7863F /* Debug */ = {
			isa = XCBuildConfiguration;
			buildSettings = {
				ASSETCATALOG_COMPILER_APPICON_NAME = AppIcon;
				ASSETCATALOG_COMPILER_GLOBAL_ACCENT_COLOR_NAME = AccentColor;
				CODE_SIGN_ENTITLEMENTS = iKnowYou/iKnowYou.entitlements;
				CODE_SIGN_STYLE = Automatic;
				CURRENT_PROJECT_VERSION = 1;
				DEVELOPMENT_ASSET_PATHS = "\"iKnowYou/Preview Content\"";
				ENABLE_PREVIEWS = YES;
				GENERATE_INFOPLIST_FILE = YES;
				INFOPLIST_KEY_NSLocationWhenInUseUsageDescription = "\"Requesting location where you met your friend.\"";
				"INFOPLIST_KEY_UIApplicationSceneManifest_Generation[sdk=iphoneos*]" = YES;
				"INFOPLIST_KEY_UIApplicationSceneManifest_Generation[sdk=iphonesimulator*]" = YES;
				"INFOPLIST_KEY_UIApplicationSupportsIndirectInputEvents[sdk=iphoneos*]" = YES;
				"INFOPLIST_KEY_UIApplicationSupportsIndirectInputEvents[sdk=iphonesimulator*]" = YES;
				"INFOPLIST_KEY_UILaunchScreen_Generation[sdk=iphoneos*]" = YES;
				"INFOPLIST_KEY_UILaunchScreen_Generation[sdk=iphonesimulator*]" = YES;
				"INFOPLIST_KEY_UIStatusBarStyle[sdk=iphoneos*]" = UIStatusBarStyleDefault;
				"INFOPLIST_KEY_UIStatusBarStyle[sdk=iphonesimulator*]" = UIStatusBarStyleDefault;
				INFOPLIST_KEY_UISupportedInterfaceOrientations_iPad = "UIInterfaceOrientationPortrait UIInterfaceOrientationPortraitUpsideDown UIInterfaceOrientationLandscapeLeft UIInterfaceOrientationLandscapeRight";
				INFOPLIST_KEY_UISupportedInterfaceOrientations_iPhone = "UIInterfaceOrientationPortrait UIInterfaceOrientationLandscapeLeft UIInterfaceOrientationLandscapeRight";
				IPHONEOS_DEPLOYMENT_TARGET = 17.4;
				LD_RUNPATH_SEARCH_PATHS = "@executable_path/Frameworks";
				"LD_RUNPATH_SEARCH_PATHS[sdk=macosx*]" = "@executable_path/../Frameworks";
				MACOSX_DEPLOYMENT_TARGET = 14.4;
				MARKETING_VERSION = 1.0;
				PRODUCT_BUNDLE_IDENTIFIER = com.kennethrathbun.iKnowYou;
				PRODUCT_NAME = "$(TARGET_NAME)";
				SDKROOT = auto;
				SUPPORTED_PLATFORMS = "iphoneos iphonesimulator macosx";
				SWIFT_EMIT_LOC_STRINGS = YES;
				SWIFT_VERSION = 5.0;
				TARGETED_DEVICE_FAMILY = "1,2";
			};
			name = Debug;
		};
		6C18AE2D2BF3668B00D7863F /* Release */ = {
			isa = XCBuildConfiguration;
			buildSettings = {
				ASSETCATALOG_COMPILER_APPICON_NAME = AppIcon;
				ASSETCATALOG_COMPILER_GLOBAL_ACCENT_COLOR_NAME = AccentColor;
				CODE_SIGN_ENTITLEMENTS = iKnowYou/iKnowYou.entitlements;
				CODE_SIGN_STYLE = Automatic;
				CURRENT_PROJECT_VERSION = 1;
				DEVELOPMENT_ASSET_PATHS = "\"iKnowYou/Preview Content\"";
				ENABLE_PREVIEWS = YES;
				GENERATE_INFOPLIST_FILE = YES;
				INFOPLIST_KEY_NSLocationWhenInUseUsageDescription = "\"Requesting location where you met your friend.\"";
				"INFOPLIST_KEY_UIApplicationSceneManifest_Generation[sdk=iphoneos*]" = YES;
				"INFOPLIST_KEY_UIApplicationSceneManifest_Generation[sdk=iphonesimulator*]" = YES;
				"INFOPLIST_KEY_UIApplicationSupportsIndirectInputEvents[sdk=iphoneos*]" = YES;
				"INFOPLIST_KEY_UIApplicationSupportsIndirectInputEvents[sdk=iphonesimulator*]" = YES;
				"INFOPLIST_KEY_UILaunchScreen_Generation[sdk=iphoneos*]" = YES;
				"INFOPLIST_KEY_UILaunchScreen_Generation[sdk=iphonesimulator*]" = YES;
				"INFOPLIST_KEY_UIStatusBarStyle[sdk=iphoneos*]" = UIStatusBarStyleDefault;
				"INFOPLIST_KEY_UIStatusBarStyle[sdk=iphonesimulator*]" = UIStatusBarStyleDefault;
				INFOPLIST_KEY_UISupportedInterfaceOrientations_iPad = "UIInterfaceOrientationPortrait UIInterfaceOrientationPortraitUpsideDown UIInterfaceOrientationLandscapeLeft UIInterfaceOrientationLandscapeRight";
				INFOPLIST_KEY_UISupportedInterfaceOrientations_iPhone = "UIInterfaceOrientationPortrait UIInterfaceOrientationLandscapeLeft UIInterfaceOrientationLandscapeRight";
				IPHONEOS_DEPLOYMENT_TARGET = 17.4;
				LD_RUNPATH_SEARCH_PATHS = "@executable_path/Frameworks";
				"LD_RUNPATH_SEARCH_PATHS[sdk=macosx*]" = "@executable_path/../Frameworks";
				MACOSX_DEPLOYMENT_TARGET = 14.4;
				MARKETING_VERSION = 1.0;
				PRODUCT_BUNDLE_IDENTIFIER = com.kennethrathbun.iKnowYou;
				PRODUCT_NAME = "$(TARGET_NAME)";
				SDKROOT = auto;
				SUPPORTED_PLATFORMS = "iphoneos iphonesimulator macosx";
				SWIFT_EMIT_LOC_STRINGS = YES;
				SWIFT_VERSION = 5.0;
				TARGETED_DEVICE_FAMILY = "1,2";
			};
			name = Release;
		};
/* End XCBuildConfiguration section */

/* Begin XCConfigurationList section */
		6C18AE172BF3668900D7863F /* Build configuration list for PBXProject "iKnowYou" */ = {
			isa = XCConfigurationList;
			buildConfigurations = (
				6C18AE292BF3668B00D7863F /* Debug */,
				6C18AE2A2BF3668B00D7863F /* Release */,
			);
			defaultConfigurationIsVisible = 0;
			defaultConfigurationName = Release;
		};
		6C18AE2B2BF3668B00D7863F /* Build configuration list for PBXNativeTarget "iKnowYou" */ = {
			isa = XCConfigurationList;
			buildConfigurations = (
				6C18AE2C2BF3668B00D7863F /* Debug */,
				6C18AE2D2BF3668B00D7863F /* Release */,
			);
			defaultConfigurationIsVisible = 0;
			defaultConfigurationName = Release;
		};
/* End XCConfigurationList section */
	};
	rootObject = 6C18AE142BF3668900D7863F /* Project object */;
}
